{
    "name": "navi",
    "version": "1.0.0",
    "lockfileVersion": 2,
    "requires": true,
    "packages": {
        "": {
            "name": "navi",
            "version": "1.0.0",
            "dependencies": {
                "@openui5/sap.m": "^1",
                "@openui5/sap.ui.core": "^1",
                "@openui5/themelib_sap_fiori_3": "^1"
            }
        },
        "node_modules/@openui5/sap.m": {
            "version": "1.105.0",
            "resolved": "http://nginx-redirector.repo-cache.svc.cluster.local/repository/appstudio-npm-group/@openui5/sap.m/-/sap.m-1.105.0.tgz",
            "integrity": "sha512-gwJ2tYkCu17lRKRIXFMCBxNUQHB92PYH442iGvLuk+F0pD3DzkOeNDh1TRN8B7RsmpriXc/TTFpQUbX9VZdw0Q==",
            "license": "Apache-2.0",
            "dependencies": {
                "@openui5/sap.ui.core": "1.105.0",
                "@openui5/sap.ui.layout": "1.105.0",
                "@openui5/sap.ui.unified": "1.105.0"
            }
        },
        "node_modules/@openui5/sap.ui.core": {
            "version": "1.105.0",
            "resolved": "http://nginx-redirector.repo-cache.svc.cluster.local/repository/appstudio-npm-group/@openui5/sap.ui.core/-/sap.ui.core-1.105.0.tgz",
            "integrity": "sha512-LhBEIVMTZJPxFk9LyOTTtrZkSDycOxc89/5lneuQ4JN09i7ez7FOd59DZJztpzWrM1dJkdGxwkL0jhfUAfly5Q==",
            "license": "Apache-2.0"
        },
        "node_modules/@openui5/sap.ui.layout": {
            "version": "1.105.0",
            "resolved": "http://nginx-redirector.repo-cache.svc.cluster.local/repository/appstudio-npm-group/@openui5/sap.ui.layout/-/sap.ui.layout-1.105.0.tgz",
            "integrity": "sha512-3jeGzIoVg8QDRDY6dJ7Zqrx6sBW0y21mHiEWXStSn91jrbD0VCSgc4q9hlQLrJ8loSCbWyhv1NQ3DnXIWmnxUA==",
            "license": "Apache-2.0",
            "dependencies": {
                "@openui5/sap.ui.core": "1.105.0"
            }
        },
        "node_modules/@openui5/sap.ui.unified": {
            "version": "1.105.0",
            "resolved": "http://nginx-redirector.repo-cache.svc.cluster.local/repository/appstudio-npm-group/@openui5/sap.ui.unified/-/sap.ui.unified-1.105.0.tgz",
            "integrity": "sha512-zGC6On0x8PTrONxvqMKJV950wXZzNzh7yFVGZA32b73OAdECNuWp46vIJPSQsjjLgEwKAmCnOR0a8FI8d+Oy1g==",
            "license": "Apache-2.0",
            "dependencies": {
                "@openui5/sap.ui.core": "1.105.0"
            }
        },
        "node_modules/@openui5/themelib_sap_fiori_3": {
            "version": "1.105.0",
            "resolved": "http://nginx-redirector.repo-cache.svc.cluster.local/repository/appstudio-npm-group/@openui5/themelib_sap_fiori_3/-/themelib_sap_fiori_3-1.105.0.tgz",
            "integrity": "sha512-uXUdQFwm+EoivT8CpoaotE7IN78VzSJLQzC50TsF1CVD9LFtFzh6UC6WpRP3EBe/tpwzbp0djfAaZmMw55neig==",
            "license": "Apache-2.0"
        }
    },
    "dependencies": {
        "@openui5/sap.m": {
            "version": "1.105.0",
            "resolved": "http://nginx-redirector.repo-cache.svc.cluster.local/repository/appstudio-npm-group/@openui5/sap.m/-/sap.m-1.105.0.tgz",
            "integrity": "sha512-gwJ2tYkCu17lRKRIXFMCBxNUQHB92PYH442iGvLuk+F0pD3DzkOeNDh1TRN8B7RsmpriXc/TTFpQUbX9VZdw0Q==",
            "requires": {
                "@openui5/sap.ui.core": "1.105.0",
                "@openui5/sap.ui.layout": "1.105.0",
                "@openui5/sap.ui.unified": "1.105.0"
            }
        },
        "@openui5/sap.ui.core": {
            "version": "1.105.0",
            "resolved": "http://nginx-redirector.repo-cache.svc.cluster.local/repository/appstudio-npm-group/@openui5/sap.ui.core/-/sap.ui.core-1.105.0.tgz",
            "integrity": "sha512-LhBEIVMTZJPxFk9LyOTTtrZkSDycOxc89/5lneuQ4JN09i7ez7FOd59DZJztpzWrM1dJkdGxwkL0jhfUAfly5Q=="
        },
        "@openui5/sap.ui.layout": {
            "version": "1.105.0",
            "resolved": "http://nginx-redirector.repo-cache.svc.cluster.local/repository/appstudio-npm-group/@openui5/sap.ui.layout/-/sap.ui.layout-1.105.0.tgz",
            "integrity": "sha512-3jeGzIoVg8QDRDY6dJ7Zqrx6sBW0y21mHiEWXStSn91jrbD0VCSgc4q9hlQLrJ8loSCbWyhv1NQ3DnXIWmnxUA==",
            "requires": {
                "@openui5/sap.ui.core": "1.105.0"
            }
        },
        "@openui5/sap.ui.unified": {
            "version": "1.105.0",
            "resolved": "http://nginx-redirector.repo-cache.svc.cluster.local/repository/appstudio-npm-group/@openui5/sap.ui.unified/-/sap.ui.unified-1.105.0.tgz",
            "integrity": "sha512-zGC6On0x8PTrONxvqMKJV950wXZzNzh7yFVGZA32b73OAdECNuWp46vIJPSQsjjLgEwKAmCnOR0a8FI8d+Oy1g==",
            "requires": {
                "@openui5/sap.ui.core": "1.105.0"
            }
        },
        "@openui5/themelib_sap_fiori_3": {
            "version": "1.105.0",
            "resolved": "http://nginx-redirector.repo-cache.svc.cluster.local/repository/appstudio-npm-group/@openui5/themelib_sap_fiori_3/-/themelib_sap_fiori_3-1.105.0.tgz",
            "integrity": "sha512-uXUdQFwm+EoivT8CpoaotE7IN78VzSJLQzC50TsF1CVD9LFtFzh6UC6WpRP3EBe/tpwzbp0djfAaZmMw55neig=="
        }
    }
}
